
Microsoft Visual Studio Solution File, Format Version 12.00
# Visual Studio Version 17
VisualStudioVersion = 17.0.31919.166
MinimumVisualStudioVersion = 10.0.40219.1
Project("{FAE04EC0-301F-11D3-BF4B-00C04F79EFBC}") = "WriteTxtServices", "WriteTxtServices\WriteTxtServices.csproj", "{7E183391-EBC1-46C7-8072-82F373591A01}"
EndProject
Project("{FAE04EC0-301F-11D3-BF4B-00C04F79EFBC}") = "ServicesTool", "..\ServicesTool\ServicesTool.csproj", "{95178D05-F358-46C2-953A-48FA058FB676}"
EndProject
Global
	GlobalSection(SolutionConfigurationPlatforms) = preSolution
		Debug|Any CPU = Debug|Any CPU
		Release|Any CPU = Release|Any CPU
	EndGlobalSection
	GlobalSection(ProjectConfigurationPlatforms) = postSolution
		{7E183391-EBC1-46C7-8072-82F373591A01}.Debug|Any CPU.ActiveCfg = Debug|Any CPU
		{7E183391-EBC1-46C7-8072-82F373591A01}.Debug|Any CPU.Build.0 = Debug|Any CPU
		{7E183391-EBC1-46C7-8072-82F373591A01}.Release|Any CPU.ActiveCfg = Release|Any CPU
		{7E183391-EBC1-46C7-8072-82F373591A01}.Release|Any CPU.Build.0 = Release|Any CPU
		{95178D05-F358-46C2-953A-48FA058FB676}.Debug|Any CPU.ActiveCfg = Debug|Any CPU
		{95178D05-F358-46C2-953A-48FA058FB676}.Debug|Any CPU.Build.0 = Debug|Any CPU
		{95178D05-F358-46C2-953A-48FA058FB676}.Release|Any CPU.ActiveCfg = Release|Any CPU
		{95178D05-F358-46C2-953A-48FA058FB676}.Release|Any CPU.Build.0 = Release|Any CPU
	EndGlobalSection
	GlobalSection(SolutionProperties) = preSolution
		HideSolutionNode = FALSE
	EndGlobalSection
	GlobalSection(ExtensibilityGlobals) = postSolution
		SolutionGuid = {CCC1F811-F255-4A2D-9769-38636BFBC6EC}
	EndGlobalSection
EndGlobal
